
Microsoft Visual Studio Solution File, Format Version 12.00
# Visual Studio Version 17
VisualStudioVersion = 17.8.34322.80
MinimumVisualStudioVersion = 10.0.40219.1
Project("{2150E333-8FDC-42A3-9474-1A3956D46DE8}") = "Shop", "Shop", "{05394D79-309D-4CF3-93DC-8DE38B1E1EC7}"
EndProject
Project("{9A19103F-16F7-4668-BE54-9A1E7A4F7556}") = "Shop.Domain", "Shop\Shop.Domain\Shop.Domain.csproj", "{B9854B28-C0A3-43E5-A3FD-9BE632FB5E2A}"
EndProject
Project("{9A19103F-16F7-4668-BE54-9A1E7A4F7556}") = "Shop.Application", "Shop\Shop.Application\Shop.Application.csproj", "{7EF1F791-6DD6-4292-BFC1-0CAD0916A844}"
EndProject
Project("{9A19103F-16F7-4668-BE54-9A1E7A4F7556}") = "Shop.Infrastructure", "Shop\Shop.Infrastructure\Shop.Infrastructure.csproj", "{B1CA133D-88C1-4667-99FC-30945D11EE85}"
EndProject
Project("{9A19103F-16F7-4668-BE54-9A1E7A4F7556}") = "Shop.Query", "Shop\Shop.Query\Shop.Query.csproj", "{97843594-7915-4E10-99F4-932CD2DDF7AC}"
EndProject
Project("{9A19103F-16F7-4668-BE54-9A1E7A4F7556}") = "Shop.Presentation.Facade", "Shop\Shop.Presentation\Shop.Presentation.Facade.csproj", "{996975E6-5540-4C47-8C9C-53BB921CE09D}"
EndProject
Project("{2150E333-8FDC-42A3-9474-1A3956D46DE8}") = "Common", "Common", "{2E96CA28-0AA7-4775-987F-56EB341E1841}"
EndProject
Project("{9A19103F-16F7-4668-BE54-9A1E7A4F7556}") = "Common.Domain", "Common\Common.Domain\Common.Domain.csproj", "{67EE806D-ADD4-4953-8630-A4D638C7A063}"
EndProject
Project("{9A19103F-16F7-4668-BE54-9A1E7A4F7556}") = "Common.Application", "Common\Common.Application\Common.Application.csproj", "{8B807658-1FCF-4D37-A7A6-31FAF855F19A}"
EndProject
Project("{9A19103F-16F7-4668-BE54-9A1E7A4F7556}") = "Common.AspNetCore", "Common\Common.AspNetCore\Common.AspNetCore.csproj", "{8F36AD36-CA7A-401B-ABF9-3EF0BE14537E}"
EndProject
Project("{9A19103F-16F7-4668-BE54-9A1E7A4F7556}") = "Shop.Config", "Shop\Shop.Config\Shop.Config.csproj", "{9FB02481-2778-4A98-BCE4-2523209C2C19}"
EndProject
Project("{2150E333-8FDC-42A3-9474-1A3956D46DE8}") = "EndPoint", "EndPoint", "{A4DD2EB3-ABA8-4738-BC6C-6E593EA12EBD}"
EndProject
Project("{9A19103F-16F7-4668-BE54-9A1E7A4F7556}") = "Shop.Api", "Shop\Shop.Api\Shop.Api.csproj", "{BC02E1B8-8ABF-4642-9333-E0A16B48CD98}"
EndProject
Project("{9A19103F-16F7-4668-BE54-9A1E7A4F7556}") = "Common.Query", "Common\Common.Query\Common.Query.csproj", "{AD33E39C-6C86-40D3-B622-F9232256BC0C}"
EndProject
Global
	GlobalSection(SolutionConfigurationPlatforms) = preSolution
		Debug|Any CPU = Debug|Any CPU
		Release|Any CPU = Release|Any CPU
	EndGlobalSection
	GlobalSection(ProjectConfigurationPlatforms) = postSolution
		{B9854B28-C0A3-43E5-A3FD-9BE632FB5E2A}.Debug|Any CPU.ActiveCfg = Debug|Any CPU
		{B9854B28-C0A3-43E5-A3FD-9BE632FB5E2A}.Debug|Any CPU.Build.0 = Debug|Any CPU
		{B9854B28-C0A3-43E5-A3FD-9BE632FB5E2A}.Release|Any CPU.ActiveCfg = Release|Any CPU
		{B9854B28-C0A3-43E5-A3FD-9BE632FB5E2A}.Release|Any CPU.Build.0 = Release|Any CPU
		{7EF1F791-6DD6-4292-BFC1-0CAD0916A844}.Debug|Any CPU.ActiveCfg = Debug|Any CPU
		{7EF1F791-6DD6-4292-BFC1-0CAD0916A844}.Debug|Any CPU.Build.0 = Debug|Any CPU
		{7EF1F791-6DD6-4292-BFC1-0CAD0916A844}.Release|Any CPU.ActiveCfg = Release|Any CPU
		{7EF1F791-6DD6-4292-BFC1-0CAD0916A844}.Release|Any CPU.Build.0 = Release|Any CPU
		{B1CA133D-88C1-4667-99FC-30945D11EE85}.Debug|Any CPU.ActiveCfg = Debug|Any CPU
		{B1CA133D-88C1-4667-99FC-30945D11EE85}.Debug|Any CPU.Build.0 = Debug|Any CPU
		{B1CA133D-88C1-4667-99FC-30945D11EE85}.Release|Any CPU.ActiveCfg = Release|Any CPU
		{B1CA133D-88C1-4667-99FC-30945D11EE85}.Release|Any CPU.Build.0 = Release|Any CPU
		{97843594-7915-4E10-99F4-932CD2DDF7AC}.Debug|Any CPU.ActiveCfg = Debug|Any CPU
		{97843594-7915-4E10-99F4-932CD2DDF7AC}.Debug|Any CPU.Build.0 = Debug|Any CPU
		{97843594-7915-4E10-99F4-932CD2DDF7AC}.Release|Any CPU.ActiveCfg = Release|Any CPU
		{97843594-7915-4E10-99F4-932CD2DDF7AC}.Release|Any CPU.Build.0 = Release|Any CPU
		{996975E6-5540-4C47-8C9C-53BB921CE09D}.Debug|Any CPU.ActiveCfg = Debug|Any CPU
		{996975E6-5540-4C47-8C9C-53BB921CE09D}.Debug|Any CPU.Build.0 = Debug|Any CPU
		{996975E6-5540-4C47-8C9C-53BB921CE09D}.Release|Any CPU.ActiveCfg = Release|Any CPU
		{996975E6-5540-4C47-8C9C-53BB921CE09D}.Release|Any CPU.Build.0 = Release|Any CPU
		{67EE806D-ADD4-4953-8630-A4D638C7A063}.Debug|Any CPU.ActiveCfg = Debug|Any CPU
		{67EE806D-ADD4-4953-8630-A4D638C7A063}.Debug|Any CPU.Build.0 = Debug|Any CPU
		{67EE806D-ADD4-4953-8630-A4D638C7A063}.Release|Any CPU.ActiveCfg = Release|Any CPU
		{67EE806D-ADD4-4953-8630-A4D638C7A063}.Release|Any CPU.Build.0 = Release|Any CPU
		{8B807658-1FCF-4D37-A7A6-31FAF855F19A}.Debug|Any CPU.ActiveCfg = Debug|Any CPU
		{8B807658-1FCF-4D37-A7A6-31FAF855F19A}.Debug|Any CPU.Build.0 = Debug|Any CPU
		{8B807658-1FCF-4D37-A7A6-31FAF855F19A}.Release|Any CPU.ActiveCfg = Release|Any CPU
		{8B807658-1FCF-4D37-A7A6-31FAF855F19A}.Release|Any CPU.Build.0 = Release|Any CPU
		{8F36AD36-CA7A-401B-ABF9-3EF0BE14537E}.Debug|Any CPU.ActiveCfg = Debug|Any CPU
		{8F36AD36-CA7A-401B-ABF9-3EF0BE14537E}.Debug|Any CPU.Build.0 = Debug|Any CPU
		{8F36AD36-CA7A-401B-ABF9-3EF0BE14537E}.Release|Any CPU.ActiveCfg = Release|Any CPU
		{8F36AD36-CA7A-401B-ABF9-3EF0BE14537E}.Release|Any CPU.Build.0 = Release|Any CPU
		{9FB02481-2778-4A98-BCE4-2523209C2C19}.Debug|Any CPU.ActiveCfg = Debug|Any CPU
		{9FB02481-2778-4A98-BCE4-2523209C2C19}.Debug|Any CPU.Build.0 = Debug|Any CPU
		{9FB02481-2778-4A98-BCE4-2523209C2C19}.Release|Any CPU.ActiveCfg = Release|Any CPU
		{9FB02481-2778-4A98-BCE4-2523209C2C19}.Release|Any CPU.Build.0 = Release|Any CPU
		{BC02E1B8-8ABF-4642-9333-E0A16B48CD98}.Debug|Any CPU.ActiveCfg = Debug|Any CPU
		{BC02E1B8-8ABF-4642-9333-E0A16B48CD98}.Debug|Any CPU.Build.0 = Debug|Any CPU
		{BC02E1B8-8ABF-4642-9333-E0A16B48CD98}.Release|Any CPU.ActiveCfg = Release|Any CPU
		{BC02E1B8-8ABF-4642-9333-E0A16B48CD98}.Release|Any CPU.Build.0 = Release|Any CPU
		{AD33E39C-6C86-40D3-B622-F9232256BC0C}.Debug|Any CPU.ActiveCfg = Debug|Any CPU
		{AD33E39C-6C86-40D3-B622-F9232256BC0C}.Debug|Any CPU.Build.0 = Debug|Any CPU
		{AD33E39C-6C86-40D3-B622-F9232256BC0C}.Release|Any CPU.ActiveCfg = Release|Any CPU
		{AD33E39C-6C86-40D3-B622-F9232256BC0C}.Release|Any CPU.Build.0 = Release|Any CPU
	EndGlobalSection
	GlobalSection(SolutionProperties) = preSolution
		HideSolutionNode = FALSE
	EndGlobalSection
	GlobalSection(NestedProjects) = preSolution
		{B9854B28-C0A3-43E5-A3FD-9BE632FB5E2A} = {05394D79-309D-4CF3-93DC-8DE38B1E1EC7}
		{7EF1F791-6DD6-4292-BFC1-0CAD0916A844} = {05394D79-309D-4CF3-93DC-8DE38B1E1EC7}
		{B1CA133D-88C1-4667-99FC-30945D11EE85} = {05394D79-309D-4CF3-93DC-8DE38B1E1EC7}
		{97843594-7915-4E10-99F4-932CD2DDF7AC} = {05394D79-309D-4CF3-93DC-8DE38B1E1EC7}
		{996975E6-5540-4C47-8C9C-53BB921CE09D} = {05394D79-309D-4CF3-93DC-8DE38B1E1EC7}
		{67EE806D-ADD4-4953-8630-A4D638C7A063} = {2E96CA28-0AA7-4775-987F-56EB341E1841}
		{8B807658-1FCF-4D37-A7A6-31FAF855F19A} = {2E96CA28-0AA7-4775-987F-56EB341E1841}
		{8F36AD36-CA7A-401B-ABF9-3EF0BE14537E} = {2E96CA28-0AA7-4775-987F-56EB341E1841}
		{9FB02481-2778-4A98-BCE4-2523209C2C19} = {05394D79-309D-4CF3-93DC-8DE38B1E1EC7}
		{A4DD2EB3-ABA8-4738-BC6C-6E593EA12EBD} = {05394D79-309D-4CF3-93DC-8DE38B1E1EC7}
		{BC02E1B8-8ABF-4642-9333-E0A16B48CD98} = {A4DD2EB3-ABA8-4738-BC6C-6E593EA12EBD}
		{AD33E39C-6C86-40D3-B622-F9232256BC0C} = {2E96CA28-0AA7-4775-987F-56EB341E1841}
	EndGlobalSection
	GlobalSection(ExtensibilityGlobals) = postSolution
		SolutionGuid = {8BB2E51A-79AA-4BAB-8913-FF679EE7DD73}
	EndGlobalSection
EndGlobal
